{
    "_readme": [
        "This file locks the dependencies of your project to a known state",
        "Read more about it at https://getcomposer.org/doc/01-basic-usage.md#installing-dependencies",
        "This file is @generated automatically"
    ],
    "content-hash": "1287f8d431ae650d5f6be31de19c2941",
    "packages": [],
    "packages-dev": [
        {
            "name": "composer/installers",
            "version": "v2.3.0",
            "source": {
                "type": "git",
                "url": "https://github.com/composer/installers.git",
                "reference": "12fb2dfe5e16183de69e784a7b84046c43d97e8e"
            },
            "dist": {
                "type": "zip",
                "url": "https://api.github.com/repos/composer/installers/zipball/12fb2dfe5e16183de69e784a7b84046c43d97e8e",
                "reference": "12fb2dfe5e16183de69e784a7b84046c43d97e8e",
                "shasum": ""
            },
            "require": {
                "composer-plugin-api": "^1.0 || ^2.0",
                "php": "^7.2 || ^8.0"
            },
            "require-dev": {
                "composer/composer": "^1.10.27 || ^2.7",
                "composer/semver": "^1.7.2 || ^3.4.0",
                "phpstan/phpstan": "^1.11",
                "phpstan/phpstan-phpunit": "^1",
                "symfony/phpunit-bridge": "^7.1.1",
                "symfony/process": "^5 || ^6 || ^7"
            },
            "type": "composer-plugin",
            "extra": {
                "class": "Composer\\Installers\\Plugin",
                "branch-alias": {
                    "dev-main": "2.x-dev"
                },
                "plugin-modifies-install-path": true
            },
            "autoload": {
                "psr-4": {
                    "Composer\\Installers\\": "src/Composer/Installers"
                }
            },
            "notification-url": "https://packagist.org/downloads/",
            "license": [
                "MIT"
            ],
            "authors": [
                {
                    "name": "Kyle Robinson Young",
                    "email": "kyle@dontkry.com",
                    "homepage": "https://github.com/shama"
                }
            ],
            "description": "A multi-framework Composer library installer",
            "homepage": "https://composer.github.io/installers/",
            "keywords": [
                "Dolibarr",
                "Eliasis",
                "Hurad",
                "ImageCMS",
                "Kanboard",
                "Lan Management System",
                "MODX Evo",
                "MantisBT",
                "Mautic",
                "Maya",
                "OXID",
                "Plentymarkets",
                "Porto",
                "RadPHP",
                "SMF",
                "Starbug",
                "Thelia",
                "Whmcs",
                "WolfCMS",
                "agl",
                "annotatecms",
                "attogram",
                "bitrix",
                "cakephp",
                "chef",
                "cockpit",
                "codeigniter",
                "concrete5",
                "concreteCMS",
                "croogo",
                "dokuwiki",
                "drupal",
                "eZ Platform",
                "elgg",
                "expressionengine",
                "fuelphp",
                "grav",
                "installer",
                "itop",
                "known",
                "kohana",
                "laravel",
                "lavalite",
                "lithium",
                "magento",
                "majima",
                "mako",
                "matomo",
                "mediawiki",
                "miaoxing",
                "modulework",
                "modx",
                "moodle",
                "osclass",
                "pantheon",
                "phpbb",
                "piwik",
                "ppi",
                "processwire",
                "puppet",
                "pxcms",
                "reindex",
                "roundcube",
                "shopware",
                "silverstripe",
                "sydes",
                "sylius",
                "tastyigniter",
                "wordpress",
                "yawik",
                "zend",
                "zikula"
            ],
            "support": {
                "issues": "https://github.com/composer/installers/issues",
                "source": "https://github.com/composer/installers/tree/v2.3.0"
            },
            "funding": [
                {
                    "url": "https://packagist.com",
                    "type": "custom"
                },
                {
                    "url": "https://github.com/composer",
                    "type": "github"
                },
                {
                    "url": "https://tidelift.com/funding/github/packagist/composer/composer",
                    "type": "tidelift"
                }
            ],
            "time": "2024-06-24T20:46:46+00:00"
        },
        {
            "name": "dealerdirect/phpcodesniffer-composer-installer",
            "version": "v1.2.1",
            "source": {
                "type": "git",
                "url": "https://github.com/PHPCSStandards/composer-installer.git",
                "reference": "963f0c67bffde0eac41b56be71ac0e8ba132f0bd"
            },
            "dist": {
                "type": "zip",
                "url": "https://api.github.com/repos/PHPCSStandards/composer-installer/zipball/963f0c67bffde0eac41b56be71ac0e8ba132f0bd",
                "reference": "963f0c67bffde0eac41b56be71ac0e8ba132f0bd",
                "shasum": ""
            },
            "require": {
                "composer-plugin-api": "^2.2",
                "php": ">=5.4",
                "squizlabs/php_codesniffer": "^3.1.0 || ^4.0"
            },
            "require-dev": {
                "composer/composer": "^2.2",
                "ext-json": "*",
                "ext-zip": "*",
                "php-parallel-lint/php-parallel-lint": "^1.4.0",
                "phpcompatibility/php-compatibility": "^9.0 || ^10.0.0@dev",
                "yoast/phpunit-polyfills": "^1.0"
            },
            "type": "composer-plugin",
            "extra": {
                "class": "PHPCSStandards\\Composer\\Plugin\\Installers\\PHPCodeSniffer\\Plugin"
            },
            "autoload": {
                "psr-4": {
                    "PHPCSStandards\\Composer\\Plugin\\Installers\\PHPCodeSniffer\\": "src/"
                }
            },
            "notification-url": "https://packagist.org/downloads/",
            "license": [
                "MIT"
            ],
            "authors": [
                {
                    "name": "Franck Nijhof",
                    "email": "opensource@frenck.dev",
                    "homepage": "https://frenck.dev",
                    "role": "Open source developer"
                },
                {
                    "name": "Contributors",
                    "homepage": "https://github.com/PHPCSStandards/composer-installer/graphs/contributors"
                }
            ],
            "description": "PHP_CodeSniffer Standards Composer Installer Plugin",
            "keywords": [
                "PHPCodeSniffer",
                "PHP_CodeSniffer",
                "code quality",
                "codesniffer",
                "composer",
                "installer",
                "phpcbf",
                "phpcs",
                "plugin",
                "qa",
                "quality",
                "standard",
                "standards",
                "style guide",
                "stylecheck",
                "tests"
            ],
            "support": {
                "issues": "https://github.com/PHPCSStandards/composer-installer/issues",
                "security": "https://github.com/PHPCSStandards/composer-installer/security/policy",
                "source": "https://github.com/PHPCSStandards/composer-installer"
            },
            "funding": [
                {
                    "url": "https://github.com/PHPCSStandards",
                    "type": "github"
                },
                {
                    "url": "https://github.com/jrfnl",
                    "type": "github"
                },
                {
                    "url": "https://opencollective.com/php_codesniffer",
                    "type": "open_collective"
                },
                {
                    "url": "https://thanks.dev/u/gh/phpcsstandards",
                    "type": "thanks_dev"
                }
            ],
            "time": "2026-05-06T08:26:05+00:00"
        },
        {
            "name": "itinerisltd/itineris-wp-coding-standards",
            "version": "1.1.0",
            "source": {
                "type": "git",
                "url": "https://github.com/ItinerisLtd/itineris-wp-coding-standards.git",
                "reference": "8597cbd1a51dc9e92192b9b710785e5e93dfd667"
            },
            "dist": {
                "type": "zip",
                "url": "https://api.github.com/repos/ItinerisLtd/itineris-wp-coding-standards/zipball/8597cbd1a51dc9e92192b9b710785e5e93dfd667",
                "reference": "8597cbd1a51dc9e92192b9b710785e5e93dfd667",
                "shasum": ""
            },
            "require": {
                "dealerdirect/phpcodesniffer-composer-installer": "^1.0",
                "php": "^8.1",
                "slevomat/coding-standard": "^8.8",
                "wp-coding-standards/wpcs": "^2.3"
            },
            "require-dev": {
                "roave/security-advisories": "dev-master"
            },
            "type": "phpcodesniffer-standard",
            "extra": {
                "branch-alias": {
                    "dev-master": "0.3.x-dev"
                }
            },
            "notification-url": "https://packagist.org/downloads/",
            "license": [
                "MIT"
            ],
            "authors": [
                {
                    "name": "Itineris Limited",
                    "email": "dev@itineris.co.uk",
                    "homepage": "https://itineris.co.uk/",
                    "role": "Company"
                },
                {
                    "name": "Tang Rufus",
                    "email": "tangrufus@gmail.com",
                    "homepage": "https://typist.tech/",
                    "role": "Developer"
                },
                {
                    "name": "Lee Hanbury-Pickett",
                    "email": "lee.hanbury@gmail.com",
                    "homepage": "https://github.com/codepuncher",
                    "role": "Developer"
                }
            ],
            "description": "PHP_CodeSniffer rules for Itineris WordPress projects",
            "homepage": "https://itinerisltd.github.io/itineris-wp-coding-standards/",
            "keywords": [
                "itineris",
                "phpcs",
                "standards",
                "wordpress"
            ],
            "support": {
                "email": "dev@itineris.co.uk",
                "issues": "https://github.com/ItinerisLtd/itineris-wp-coding-standards/issues",
                "source": "https://github.com/ItinerisLtd/itineris-wp-coding-standards"
            },
            "time": "2026-01-20T09:11:12+00:00"
        },
        {
            "name": "phpstan/phpdoc-parser",
            "version": "2.3.3",
            "source": {
                "type": "git",
                "url": "https://github.com/phpstan/phpdoc-parser.git",
                "reference": "fb19eedd2bb67ff8cf7a5502ad329e701d6398a3"
            },
            "dist": {
                "type": "zip",
                "url": "https://api.github.com/repos/phpstan/phpdoc-parser/zipball/fb19eedd2bb67ff8cf7a5502ad329e701d6398a3",
                "reference": "fb19eedd2bb67ff8cf7a5502ad329e701d6398a3",
                "shasum": ""
            },
            "require": {
                "php": "^7.4 || ^8.0"
            },
            "require-dev": {
                "doctrine/annotations": "^2.0",
                "nikic/php-parser": "^5.3.0",
                "php-parallel-lint/php-parallel-lint": "^1.2",
                "phpstan/extension-installer": "^1.0",
                "phpstan/phpstan": "^2.0",
                "phpstan/phpstan-phpunit": "^2.0",
                "phpstan/phpstan-strict-rules": "^2.0",
                "phpunit/phpunit": "^9.6",
                "symfony/process": "^5.2"
            },
            "type": "library",
            "autoload": {
                "psr-4": {
                    "PHPStan\\PhpDocParser\\": [
                        "src/"
                    ]
                }
            },
            "notification-url": "https://packagist.org/downloads/",
            "license": [
                "MIT"
            ],
            "description": "PHPDoc parser with support for nullable, intersection and generic types",
            "support": {
                "issues": "https://github.com/phpstan/phpdoc-parser/issues",
                "source": "https://github.com/phpstan/phpdoc-parser/tree/2.3.3"
            },
            "time": "2026-07-08T07:01:06+00:00"
        },
        {
            "name": "roots/wordpress",
            "version": "7.1",
            "source": {
                "type": "git",
                "url": "https://github.com/roots/wordpress.git",
                "reference": "eb3d108f216618a858dcaed691e00e68f0ccff9f"
            },
            "dist": {
                "type": "zip",
                "url": "https://api.github.com/repos/roots/wordpress/zipball/eb3d108f216618a858dcaed691e00e68f0ccff9f",
                "reference": "eb3d108f216618a858dcaed691e00e68f0ccff9f",
                "shasum": ""
            },
            "require": {
                "roots/wordpress-core-installer": "^4.0",
                "roots/wordpress-no-content": "self.version"
            },
            "type": "metapackage",
            "notification-url": "https://packagist.org/downloads/",
            "license": [
                "MIT",
                "GPL-2.0-or-later"
            ],
            "description": "WordPress is open source software you can use to create a beautiful website, blog, or app.",
            "homepage": "https://wordpress.org/",
            "keywords": [
                "blog",
                "cms",
                "wordpress"
            ],
            "support": {
                "issues": "https://github.com/roots/wordpress/issues",
                "source": "https://github.com/roots/wordpress/tree/7.1"
            },
            "funding": [
                {
                    "url": "https://github.com/roots",
                    "type": "github"
                }
            ],
            "time": "2026-03-22T13:26:54+00:00"
        },
        {
            "name": "roots/wordpress-core-installer",
            "version": "v4.0.0",
            "source": {
                "type": "git",
                "url": "https://github.com/roots/wordpress-core-installer.git",
                "reference": "85d3589252eb93eee836facf33b54ce30c565bea"
            },
            "dist": {
                "type": "zip",
                "url": "https://api.github.com/repos/roots/wordpress-core-installer/zipball/85d3589252eb93eee836facf33b54ce30c565bea",
                "reference": "85d3589252eb93eee836facf33b54ce30c565bea",
                "shasum": ""
            },
            "require": {
                "composer-plugin-api": "^2.0",
                "php": ">=7.2.24"
            },
            "conflict": {
                "composer/installers": "<1.0.6"
            },
            "replace": {
                "johnpbloch/wordpress-core-installer": "*"
            },
            "require-dev": {
                "composer/composer": "^2.0",
                "phpunit/phpunit": "^8.5"
            },
            "type": "composer-plugin",
            "extra": {
                "class": "Roots\\Composer\\WordPressCorePlugin"
            },
            "autoload": {
                "psr-4": {
                    "Roots\\Composer\\": "src/"
                }
            },
            "notification-url": "https://packagist.org/downloads/",
            "license": [
                "GPL-2.0-or-later"
            ],
            "authors": [
                {
                    "name": "John P. Bloch",
                    "email": "me@johnpbloch.com"
                },
                {
                    "name": "Roots",
                    "email": "team@roots.io"
                }
            ],
            "description": "A Composer custom installer to handle installing WordPress as a dependency",
            "keywords": [
                "wordpress"
            ],
            "support": {
                "issues": "https://github.com/roots/wordpress-core-installer/issues",
                "source": "https://github.com/roots/wordpress-core-installer/tree/v4.0.0"
            },
            "funding": [
                {
                    "url": "https://github.com/roots",
                    "type": "github"
                }
            ],
            "time": "2026-03-22T03:17:23+00:00"
        },
        {
            "name": "roots/wordpress-no-content",
            "version": "7.1",
            "source": {
                "type": "git",
                "url": "https://github.com/WordPress/WordPress.git",
                "reference": "7.1"
            },
            "dist": {
                "type": "zip",
                "url": "https://downloads.wordpress.org/release/wordpress-7.1-no-content.zip",
                "reference": "7.1",
                "shasum": "7b28e5af89345d79a30b44a16cbe3244379d1765"
            },
            "require": {
                "php": ">= 7.4"
            },
            "provide": {
                "wordpress/core-implementation": "7.1"
            },
            "suggest": {
                "ext-curl": "Performs remote request operations.",
                "ext-dom": "Used to validate Text Widget content and to automatically configuring IIS7+.",
                "ext-exif": "Works with metadata stored in images.",
                "ext-fileinfo": "Used to detect mimetype of file uploads.",
                "ext-hash": "Used for hashing, including passwords and update packages.",
                "ext-imagick": "Provides better image quality for media uploads.",
                "ext-json": "Used for communications with other servers.",
                "ext-libsodium": "Validates Signatures and provides securely random bytes.",
                "ext-mbstring": "Used to properly handle UTF8 text.",
                "ext-mysqli": "Connects to MySQL for database interactions.",
                "ext-openssl": "Permits SSL-based connections to other hosts.",
                "ext-pcre": "Increases performance of pattern matching in code searches.",
                "ext-xml": "Used for XML parsing, such as from a third-party site.",
                "ext-zip": "Used for decompressing Plugins, Themes, and WordPress update packages."
            },
            "type": "wordpress-core",
            "notification-url": "https://packagist.org/downloads/",
            "license": [
                "GPL-2.0-or-later"
            ],
            "authors": [
                {
                    "name": "WordPress Community",
                    "homepage": "https://wordpress.org/about/"
                }
            ],
            "description": "WordPress is open source software you can use to create a beautiful website, blog, or app.",
            "homepage": "https://wordpress.org/",
            "keywords": [
                "blog",
                "cms",
                "wordpress"
            ],
            "support": {
                "docs": "https://developer.wordpress.org/",
                "forum": "https://wordpress.org/support/",
                "irc": "irc://irc.freenode.net/wordpress",
                "issues": "https://core.trac.wordpress.org/",
                "rss": "https://wordpress.org/news/feed/",
                "source": "https://core.trac.wordpress.org/browser",
                "wiki": "https://codex.wordpress.org/"
            },
            "funding": [
                {
                    "url": "https://wordpressfoundation.org/donate/",
                    "type": "other"
                }
            ],
            "time": "2026-08-19T20:16:40+00:00"
        },
        {
            "name": "slevomat/coding-standard",
            "version": "8.22.1",
            "source": {
                "type": "git",
                "url": "https://github.com/slevomat/coding-standard.git",
                "reference": "1dd80bf3b93692bedb21a6623c496887fad05fec"
            },
            "dist": {
                "type": "zip",
                "url": "https://api.github.com/repos/slevomat/coding-standard/zipball/1dd80bf3b93692bedb21a6623c496887fad05fec",
                "reference": "1dd80bf3b93692bedb21a6623c496887fad05fec",
                "shasum": ""
            },
            "require": {
                "dealerdirect/phpcodesniffer-composer-installer": "^0.6.2 || ^0.7 || ^1.1.2",
                "php": "^7.4 || ^8.0",
                "phpstan/phpdoc-parser": "^2.3.0",
                "squizlabs/php_codesniffer": "^3.13.4"
            },
            "require-dev": {
                "phing/phing": "3.0.1|3.1.0",
                "php-parallel-lint/php-parallel-lint": "1.4.0",
                "phpstan/phpstan": "2.1.24",
                "phpstan/phpstan-deprecation-rules": "2.0.3",
                "phpstan/phpstan-phpunit": "2.0.7",
                "phpstan/phpstan-strict-rules": "2.0.6",
                "phpunit/phpunit": "9.6.8|10.5.48|11.4.4|11.5.36|12.3.10"
            },
            "type": "phpcodesniffer-standard",
            "extra": {
                "branch-alias": {
                    "dev-master": "8.x-dev"
                }
            },
            "autoload": {
                "psr-4": {
                    "SlevomatCodingStandard\\": "SlevomatCodingStandard/"
                }
            },
            "notification-url": "https://packagist.org/downloads/",
            "license": [
                "MIT"
            ],
            "description": "Slevomat Coding Standard for PHP_CodeSniffer complements Consistence Coding Standard by providing sniffs with additional checks.",
            "keywords": [
                "dev",
                "phpcs"
            ],
            "support": {
                "issues": "https://github.com/slevomat/coding-standard/issues",
                "source": "https://github.com/slevomat/coding-standard/tree/8.22.1"
            },
            "funding": [
                {
                    "url": "https://github.com/kukulich",
                    "type": "github"
                },
                {
                    "url": "https://tidelift.com/funding/github/packagist/slevomat/coding-standard",
                    "type": "tidelift"
                }
            ],
            "time": "2025-09-13T08:53:30+00:00"
        },
        {
            "name": "squizlabs/php_codesniffer",
            "version": "3.13.6",
            "source": {
                "type": "git",
                "url": "https://github.com/PHPCSStandards/PHP_CodeSniffer.git",
                "reference": "4c378e1a528ea066890fc2397cbdd2f94eb2fc91"
            },
            "dist": {
                "type": "zip",
                "url": "https://api.github.com/repos/PHPCSStandards/PHP_CodeSniffer/zipball/4c378e1a528ea066890fc2397cbdd2f94eb2fc91",
                "reference": "4c378e1a528ea066890fc2397cbdd2f94eb2fc91",
                "shasum": ""
            },
            "require": {
                "ext-simplexml": "*",
                "ext-tokenizer": "*",
                "ext-xmlwriter": "*",
                "php": ">=5.4.0"
            },
            "require-dev": {
                "phpunit/phpunit": "^4.0 || ^5.0 || ^6.0 || ^7.0 || ^8.0 || ^9.3.4"
            },
            "bin": [
                "bin/phpcbf",
                "bin/phpcs"
            ],
            "type": "library",
            "notification-url": "https://packagist.org/downloads/",
            "license": [
                "BSD-3-Clause"
            ],
            "authors": [
                {
                    "name": "Greg Sherwood",
                    "role": "Former lead"
                },
                {
                    "name": "Juliette Reinders Folmer",
                    "role": "Current lead"
                },
                {
                    "name": "Contributors",
                    "homepage": "https://github.com/PHPCSStandards/PHP_CodeSniffer/graphs/contributors"
                }
            ],
            "description": "PHP_CodeSniffer tokenizes PHP, JavaScript and CSS files and detects violations of a defined set of coding standards.",
            "homepage": "https://github.com/PHPCSStandards/PHP_CodeSniffer",
            "keywords": [
                "phpcs",
                "standards",
                "static analysis"
            ],
            "support": {
                "issues": "https://github.com/PHPCSStandards/PHP_CodeSniffer/issues",
                "security": "https://github.com/PHPCSStandards/PHP_CodeSniffer/security/policy",
                "source": "https://github.com/PHPCSStandards/PHP_CodeSniffer",
                "wiki": "https://github.com/PHPCSStandards/PHP_CodeSniffer/wiki"
            },
            "funding": [
                {
                    "url": "https://github.com/PHPCSStandards",
                    "type": "github"
                },
                {
                    "url": "https://github.com/jrfnl",
                    "type": "github"
                },
                {
                    "url": "https://opencollective.com/php_codesniffer",
                    "type": "open_collective"
                },
                {
                    "url": "https://thanks.dev/u/gh/phpcsstandards",
                    "type": "thanks_dev"
                }
            ],
            "time": "2026-08-06T00:17:32+00:00"
        },
        {
            "name": "woocommerce/action-scheduler",
            "version": "3.9.3",
            "source": {
                "type": "git",
                "url": "https://github.com/woocommerce/action-scheduler.git",
                "reference": "c58cdbab17651303d406cd3b22cf9d75c71c986c"
            },
            "dist": {
                "type": "zip",
                "url": "https://api.github.com/repos/woocommerce/action-scheduler/zipball/c58cdbab17651303d406cd3b22cf9d75c71c986c",
                "reference": "c58cdbab17651303d406cd3b22cf9d75c71c986c",
                "shasum": ""
            },
            "require": {
                "php": ">=7.2"
            },
            "require-dev": {
                "phpunit/phpunit": "^8.5",
                "woocommerce/woocommerce-sniffs": "0.1.0",
                "wp-cli/wp-cli": "~2.5.0",
                "yoast/phpunit-polyfills": "^2.0"
            },
            "type": "wordpress-plugin",
            "extra": {
                "scripts-description": {
                    "test": "Run unit tests",
                    "phpcs": "Analyze code against the WordPress coding standards with PHP_CodeSniffer",
                    "phpcbf": "Fix coding standards warnings/errors automatically with PHP Code Beautifier"
                }
            },
            "notification-url": "https://packagist.org/downloads/",
            "license": [
                "GPL-3.0-or-later"
            ],
            "description": "Action Scheduler for WordPress and WooCommerce",
            "homepage": "https://actionscheduler.org/",
            "support": {
                "issues": "https://github.com/woocommerce/action-scheduler/issues",
                "source": "https://github.com/woocommerce/action-scheduler/tree/3.9.3"
            },
            "time": "2025-07-15T09:32:30+00:00"
        },
        {
            "name": "wp-coding-standards/wpcs",
            "version": "2.3.0",
            "source": {
                "type": "git",
                "url": "https://github.com/WordPress/WordPress-Coding-Standards.git",
                "reference": "7da1894633f168fe244afc6de00d141f27517b62"
            },
            "dist": {
                "type": "zip",
                "url": "https://api.github.com/repos/WordPress/WordPress-Coding-Standards/zipball/7da1894633f168fe244afc6de00d141f27517b62",
                "reference": "7da1894633f168fe244afc6de00d141f27517b62",
                "shasum": ""
            },
            "require": {
                "php": ">=5.4",
                "squizlabs/php_codesniffer": "^3.3.1"
            },
            "require-dev": {
                "dealerdirect/phpcodesniffer-composer-installer": "^0.5 || ^0.6",
                "phpcompatibility/php-compatibility": "^9.0",
                "phpcsstandards/phpcsdevtools": "^1.0",
                "phpunit/phpunit": "^4.0 || ^5.0 || ^6.0 || ^7.0"
            },
            "suggest": {
                "dealerdirect/phpcodesniffer-composer-installer": "^0.6 || This Composer plugin will sort out the PHPCS 'installed_paths' automatically."
            },
            "type": "phpcodesniffer-standard",
            "notification-url": "https://packagist.org/downloads/",
            "license": [
                "MIT"
            ],
            "authors": [
                {
                    "name": "Contributors",
                    "homepage": "https://github.com/WordPress/WordPress-Coding-Standards/graphs/contributors"
                }
            ],
            "description": "PHP_CodeSniffer rules (sniffs) to enforce WordPress coding conventions",
            "keywords": [
                "phpcs",
                "standards",
                "wordpress"
            ],
            "support": {
                "issues": "https://github.com/WordPress/WordPress-Coding-Standards/issues",
                "source": "https://github.com/WordPress/WordPress-Coding-Standards",
                "wiki": "https://github.com/WordPress/WordPress-Coding-Standards/wiki"
            },
            "time": "2020-05-13T23:57:56+00:00"
        },
        {
            "name": "wpackagist-plugin/tracking-code-manager",
            "version": "2.7.0",
            "source": {
                "type": "svn",
                "url": "https://plugins.svn.wordpress.org/tracking-code-manager/",
                "reference": "tags/2.7.0"
            },
            "dist": {
                "type": "zip",
                "url": "https://downloads.wordpress.org/plugin/tracking-code-manager.2.7.0.zip"
            },
            "require": {
                "composer/installers": "^1.0 || ^2.0"
            },
            "type": "wordpress-plugin",
            "homepage": "https://wordpress.org/plugins/tracking-code-manager/"
        },
        {
            "name": "xwp/stream",
            "version": "v4.3.0",
            "source": {
                "type": "git",
                "url": "https://github.com/xwp/stream-dist.git",
                "reference": "4c4d9acde4bcdcee49471357a1509d76f43b1d1a"
            },
            "dist": {
                "type": "zip",
                "url": "https://api.github.com/repos/xwp/stream-dist/zipball/4c4d9acde4bcdcee49471357a1509d76f43b1d1a",
                "reference": "4c4d9acde4bcdcee49471357a1509d76f43b1d1a",
                "shasum": ""
            },
            "require": {
                "composer/installers": "^1.0 || ^2.0",
                "ext-json": "*",
                "php": ">=7.2",
                "woocommerce/action-scheduler": "^3.9"
            },
            "require-dev": {
                "automattic/vipwpcs": "^3.0",
                "dealerdirect/phpcodesniffer-composer-installer": "^0.7.2",
                "humanmade/mercator": "dev-master as 1.1.0",
                "johnbillion/query-monitor": "^3.16",
                "php-coveralls/php-coveralls": "^2.5",
                "phpcompatibility/php-compatibility": "dev-develop as 9.99.99",
                "phpcompatibility/phpcompatibility-wp": "^2.1",
                "phpunit/phpunit": "^9.6",
                "roots/wordpress": "^6.9",
                "wordpress/mcp-adapter": "^0.5",
                "wp-cli/wp-cli-bundle": "^2.6",
                "wp-coding-standards/wpcs": "^3.1",
                "wp-phpunit/wp-phpunit": "^6.9",
                "wp-plugin/advanced-custom-fields": "6.7.0",
                "wp-plugin/buddypress": "14.4.0",
                "wp-plugin/classic-editor": "1.6.7",
                "wp-plugin/easy-digital-downloads": "3.6.5",
                "wp-plugin/jetpack": "15.5",
                "wp-plugin/two-factor": "0.11.0",
                "wp-plugin/user-switching": "1.11.1",
                "wp-plugin/wordpress-seo": "27.0",
                "wp-plugin/wp-crontrol": "1.21.0",
                "wp-theme/twentytwentythree": "^1.0",
                "xwp/wait-for": "^0.0.1",
                "yoast/phpunit-polyfills": "^1.1"
            },
            "type": "wordpress-plugin",
            "extra": {
                "installer-paths": {
                    "vendor/{$vendor}/{$name}/": [
                        "woocommerce/action-scheduler"
                    ],
                    "local/public/wp-content/themes/{$name}": [
                        "type:wordpress-theme"
                    ],
                    "local/public/wp-content/plugins/{$name}": [
                        "type:wordpress-plugin"
                    ],
                    "local/public/wp-content/mu-plugins/{$name}": [
                        "type:wordpress-muplugin"
                    ]
                },
                "wordpress-install-dir": "local/public/wp"
            },
            "notification-url": "https://packagist.org/downloads/",
            "license": [
                "GPL-2.0-or-later"
            ],
            "description": "Track WordPress user and system actions for debugging, logging and compliance purposes",
            "homepage": "https://wordpress.org/plugins/stream/",
            "support": {
                "source": "https://github.com/xwp/stream-dist/tree/v4.3.0"
            },
            "time": "2026-07-22T05:04:18+00:00"
        }
    ],
    "aliases": [],
    "minimum-stability": "stable",
    "stability-flags": {},
    "prefer-stable": true,
    "prefer-lowest": false,
    "platform": {
        "php": "^8.4"
    },
    "platform-dev": {},
    "plugin-api-version": "2.9.0"
}
